// !$*UTF8*$!
{
	archiveVersion = 1;
	classes = {
	};
	objectVersion = 56;
	objects = {

/* Begin PBXBuildFile section */
		64248D412A2001A80011E0B7 /* CircularProgressView.swift in Sources */ = {isa = PBXBuildFile; fileRef = 64248D402A2001A80011E0B7 /* CircularProgressView.swift */; };
		6427AF772A1EC74F004D07DB /* pocStopWatchApp.swift in Sources */ = {isa = PBXBuildFile; fileRef = 6427AF762A1EC74F004D07DB /* pocStopWatchApp.swift */; };
		6427AF792A1EC74F004D07DB /* ContentView.swift in Sources */ = {isa = PBXBuildFile; fileRef = 6427AF782A1EC74F004D07DB /* ContentView.swift */; };
		6427AF7B2A1EC750004D07DB /* Assets.xcassets in Resources */ = {isa = PBXBuildFile; fileRef = 6427AF7A2A1EC750004D07DB /* Assets.xcassets */; };
		6427AF7E2A1EC750004D07DB /* Preview Assets.xcassets in Resources */ = {isa = PBXBuildFile; fileRef = 6427AF7D2A1EC750004D07DB /* Preview Assets.xcassets */; };
		6427AF882A1EC750004D07DB /* pocStopWatchTests.swift in Sources */ = {isa = PBXBuildFile; fileRef = 6427AF872A1EC750004D07DB /* pocStopWatchTests.swift */; };
		6427AF922A1EC750004D07DB /* pocStopWatchUITests.swift in Sources */ = {isa = PBXBuildFile; fileRef = 6427AF912A1EC750004D07DB /* pocStopWatchUITests.swift */; };
		6427AF942A1EC750004D07DB /* pocStopWatchUITestsLaunchTests.swift in Sources */ = {isa = PBXBuildFile; fileRef = 6427AF932A1EC750004D07DB /* pocStopWatchUITestsLaunchTests.swift */; };
/* End PBXBuildFile section */

/* Begin PBXContainerItemProxy section */
		6427AF842A1EC750004D07DB /* PBXContainerItemProxy */ = {
			isa = PBXContainerItemProxy;
			containerPortal = 6427AF6B2A1EC74F004D07DB /* Project object */;
			proxyType = 1;
			remoteGlobalIDString = 6427AF722A1EC74F004D07DB;
			remoteInfo = pocStopWatch;
		};
		6427AF8E2A1EC750004D07DB /* PBXContainerItemProxy */ = {
			isa = PBXContainerItemProxy;
			containerPortal = 6427AF6B2A1EC74F004D07DB /* Project object */;
			proxyType = 1;
			remoteGlobalIDString = 6427AF722A1EC74F004D07DB;
			remoteInfo = pocStopWatch;
		};
/* End PBXContainerItemProxy section */

/* Begin PBXFileReference section */
		64248D402A2001A80011E0B7 /* CircularProgressView.swift */ = {isa = PBXFileReference; lastKnownFileType = sourcecode.swift; path = CircularProgressView.swift; sourceTree = "<group>"; };
		6427AF732A1EC74F004D07DB /* pocStopWatch.app */ = {isa = PBXFileReference; explicitFileType = wrapper.application; includeInIndex = 0; path = pocStopWatch.app; sourceTree = BUILT_PRODUCTS_DIR; };
		6427AF762A1EC74F004D07DB /* pocStopWatchApp.swift */ = {isa = PBXFileReference; lastKnownFileType = sourcecode.swift; path = pocStopWatchApp.swift; sourceTree = "<group>"; };
		6427AF782A1EC74F004D07DB /* ContentView.swift */ = {isa = PBXFileReference; lastKnownFileType = sourcecode.swift; path = ContentView.swift; sourceTree = "<group>"; };
		6427AF7A2A1EC750004D07DB /* Assets.xcassets */ = {isa = PBXFileReference; lastKnownFileType = folder.assetcatalog; path = Assets.xcassets; sourceTree = "<group>"; };
		6427AF7D2A1EC750004D07DB /* Preview Assets.xcassets */ = {isa = PBXFileReference; lastKnownFileType = folder.assetcatalog; path = "Preview Assets.xcassets"; sourceTree = "<group>"; };
		6427AF832A1EC750004D07DB /* pocStopWatchTests.xctest */ = {isa = PBXFileReference; explicitFileType = wrapper.cfbundle; includeInIndex = 0; path = pocStopWatchTests.xctest; sourceTree = BUILT_PRODUCTS_DIR; };
		6427AF872A1EC750004D07DB /* pocStopWatchTests.swift */ = {isa = PBXFileReference; lastKnownFileType = sourcecode.swift; path = pocStopWatchTests.swift; sourceTree = "<group>"; };
		6427AF8D2A1EC750004D07DB /* pocStopWatchUITests.xctest */ = {isa = PBXFileReference; explicitFileType = wrapper.cfbundle; includeInIndex = 0; path = pocStopWatchUITests.xctest; sourceTree = BUILT_PRODUCTS_DIR; };
		6427AF912A1EC750004D07DB /* pocStopWatchUITests.swift */ = {isa = PBXFileReference; lastKnownFileType = sourcecode.swift; path = pocStopWatchUITests.swift; sourceTree = "<group>"; };
		6427AF932A1EC750004D07DB /* pocStopWatchUITestsLaunchTests.swift */ = {isa = PBXFileReference; lastKnownFileType = sourcecode.swift; path = pocStopWatchUITestsLaunchTests.swift; sourceTree = "<group>"; };
/* End PBXFileReference section */

/* Begin PBXFrameworksBuildPhase section */
		6427AF702A1EC74F004D07DB /* Frameworks */ = {
			isa = PBXFrameworksBuildPhase;
			buildActionMask = 2147483647;
			files = (
			);
			runOnlyForDeploymentPostprocessing = 0;
		};
		6427AF802A1EC750004D07DB /* Frameworks */ = {
			isa = PBXFrameworksBuildPhase;
			buildActionMask = 2147483647;
			files = (
			);
			runOnlyForDeploymentPostprocessing = 0;
		};
		6427AF8A2A1EC750004D07DB /* Frameworks */ = {
			isa = PBXFrameworksBuildPhase;
			buildActionMask = 2147483647;
			files = (
			);
			runOnlyForDeploymentPostprocessing = 0;
		};
/* End PBXFrameworksBuildPhase section */

/* Begin PBXGroup section */
		6427AF6A2A1EC74F004D07DB = {
			isa = PBXGroup;
			children = (
				6427AF752A1EC74F004D07DB /* pocStopWatch */,
				6427AF862A1EC750004D07DB /* pocStopWatchTests */,
				6427AF902A1EC750004D07DB /* pocStopWatchUITests */,
				6427AF742A1EC74F004D07DB /* Products */,
			);
			sourceTree = "<group>";
		};
		6427AF742A1EC74F004D07DB /* Products */ = {
			isa = PBXGroup;
			children = (
				6427AF732A1EC74F004D07DB /* pocStopWatch.app */,
				6427AF832A1EC750004D07DB /* pocStopWatchTests.xctest */,
				6427AF8D2A1EC750004D07DB /* pocStopWatchUITests.xctest */,
			);
			name = Products;
			sourceTree = "<group>";
		};
		6427AF752A1EC74F004D07DB /* pocStopWatch */ = {
			isa = PBXGroup;
			children = (
				6427AF762A1EC74F004D07DB /* pocStopWatchApp.swift */,
				6427AF782A1EC74F004D07DB /* ContentView.swift */,
				64248D402A2001A80011E0B7 /* CircularProgressView.swift */,
				6427AF7A2A1EC750004D07DB /* Assets.xcassets */,
				6427AF7C2A1EC750004D07DB /* Preview Content */,
			);
			path = pocStopWatch;
			sourceTree = "<group>";
		};
		6427AF7C2A1EC750004D07DB /* Preview Content */ = {
			isa = PBXGroup;
			children = (
				6427AF7D2A1EC750004D07DB /* Preview Assets.xcassets */,
			);
			path = "Preview Content";
			sourceTree = "<group>";
		};
		6427AF862A1EC750004D07DB /* pocStopWatchTests */ = {
			isa = PBXGroup;
			children = (
				6427AF872A1EC750004D07DB /* pocStopWatchTests.swift */,
			);
			path = pocStopWatchTests;
			sourceTree = "<group>";
		};
		6427AF902A1EC750004D07DB /* pocStopWatchUITests */ = {
			isa = PBXGroup;
			children = (
				6427AF912A1EC750004D07DB /* pocStopWatchUITests.swift */,
				6427AF932A1EC750004D07DB /* pocStopWatchUITestsLaunchTests.swift */,
			);
			path = pocStopWatchUITests;
			sourceTree = "<group>";
		};
/* End PBXGroup section */

/* Begin PBXNativeTarget section */
		6427AF722A1EC74F004D07DB /* pocStopWatch */ = {
			isa = PBXNativeTarget;
			buildConfigurationList = 6427AF972A1EC750004D07DB /* Build configuration list for PBXNativeTarget "pocStopWatch" */;
			buildPhases = (
				6427AF6F2A1EC74F004D07DB /* Sources */,
				6427AF702A1EC74F004D07DB /* Frameworks */,
				6427AF712A1EC74F004D07DB /* Resources */,
			);
			buildRules = (
			);
			dependencies = (
			);
			name = pocStopWatch;
			productName = pocStopWatch;
			productReference = 6427AF732A1EC74F004D07DB /* pocStopWatch.app */;
			productType = "com.apple.product-type.application";
		};
		6427AF822A1EC750004D07DB /* pocStopWatchTests */ = {
			isa = PBXNativeTarget;
			buildConfigurationList = 6427AF9A2A1EC750004D07DB /* Build configuration list for PBXNativeTarget "pocStopWatchTests" */;
			buildPhases = (
				6427AF7F2A1EC750004D07DB /* Sources */,
				6427AF802A1EC750004D07DB /* Frameworks */,
				6427AF812A1EC750004D07DB /* Resources */,
			);
			buildRules = (
			);
			dependencies = (
				6427AF852A1EC750004D07DB /* PBXTargetDependency */,
			);
			name = pocStopWatchTests;
			productName = pocStopWatchTests;
			productReference = 6427AF832A1EC750004D07DB /* pocStopWatchTests.xctest */;
			productType = "com.apple.product-type.bundle.unit-test";
		};
		6427AF8C2A1EC750004D07DB /* pocStopWatchUITests */ = {
			isa = PBXNativeTarget;
			buildConfigurationList = 6427AF9D2A1EC750004D07DB /* Build configuration list for PBXNativeTarget "pocStopWatchUITests" */;
			buildPhases = (
				6427AF892A1EC750004D07DB /* Sources */,
				6427AF8A2A1EC750004D07DB /* Frameworks */,
				6427AF8B2A1EC750004D07DB /* Resources */,
			);
			buildRules = (
			);
			dependencies = (
				6427AF8F2A1EC750004D07DB /* PBXTargetDependency */,
			);
			name = pocStopWatchUITests;
			productName = pocStopWatchUITests;
			productReference = 6427AF8D2A1EC750004D07DB /* pocStopWatchUITests.xctest */;
			productType = "com.apple.product-type.bundle.ui-testing";
		};
/* End PBXNativeTarget section */

/* Begin PBXProject section */
		6427AF6B2A1EC74F004D07DB /* Project object */ = {
			isa = PBXProject;
			attributes = {
				BuildIndependentTargetsInParallel = 1;
				LastSwiftUpdateCheck = 1430;
				LastUpgradeCheck = 1430;
				TargetAttributes = {
					6427AF722A1EC74F004D07DB = {
						CreatedOnToolsVersion = 14.3;
					};
					6427AF822A1EC750004D07DB = {
						CreatedOnToolsVersion = 14.3;
						TestTargetID = 6427AF722A1EC74F004D07DB;
					};
					6427AF8C2A1EC750004D07DB = {
						CreatedOnToolsVersion = 14.3;
						TestTargetID = 6427AF722A1EC74F004D07DB;
					};
				};
			};
			buildConfigurationList = 6427AF6E2A1EC74F004D07DB /* Build configuration list for PBXProject "pocStopWatch" */;
			compatibilityVersion = "Xcode 14.0";
			developmentRegion = en;
			hasScannedForEncodings = 0;
			knownRegions = (
				en,
				Base,
			);
			mainGroup = 6427AF6A2A1EC74F004D07DB;
			productRefGroup = 6427AF742A1EC74F004D07DB /* Products */;
			projectDirPath = "";
			projectRoot = "";
			targets = (
				6427AF722A1EC74F004D07DB /* pocStopWatch */,
				6427AF822A1EC750004D07DB /* pocStopWatchTests */,
				6427AF8C2A1EC750004D07DB /* pocStopWatchUITests */,
			);
		};
/* End PBXProject section */

/* Begin PBXResourcesBuildPhase section */
		6427AF712A1EC74F004D07DB /* Resources */ = {
			isa = PBXResourcesBuildPhase;
			buildActionMask = 2147483647;
			files = (
				6427AF7E2A1EC750004D07DB /* Preview Assets.xcassets in Resources */,
				6427AF7B2A1EC750004D07DB /* Assets.xcassets in Resources */,
			);
			runOnlyForDeploymentPostprocessing = 0;
		};
		6427AF812A1EC750004D07DB /* Resources */ = {
			isa = PBXResourcesBuildPhase;
			buildActionMask = 2147483647;
			files = (
			);
			runOnlyForDeploymentPostprocessing = 0;
		};
		6427AF8B2A1EC750004D07DB /* Resources */ = {
			isa = PBXResourcesBuildPhase;
			buildActionMask = 2147483647;
			files = (
			);
			runOnlyForDeploymentPostprocessing = 0;
		};
/* End PBXResourcesBuildPhase section */

/* Begin PBXSourcesBuildPhase section */
		6427AF6F2A1EC74F004D07DB /* Sources */ = {
			isa = PBXSourcesBuildPhase;
			buildActionMask = 2147483647;
			files = (
				6427AF792A1EC74F004D07DB /* ContentView.swift in Sources */,
				64248D412A2001A80011E0B7 /* CircularProgressView.swift in Sources */,
				6427AF772A1EC74F004D07DB /* pocStopWatchApp.swift in Sources */,
			);
			runOnlyForDeploymentPostprocessing = 0;
		};
		6427AF7F2A1EC750004D07DB /* Sources */ = {
			isa = PBXSourcesBuildPhase;
			buildActionMask = 2147483647;
			files = (
				6427AF882A1EC750004D07DB /* pocStopWatchTests.swift in Sources */,
			);
			runOnlyForDeploymentPostprocessing = 0;
		};
		6427AF892A1EC750004D07DB /* Sources */ = {
			isa = PBXSourcesBuildPhase;
			buildActionMask = 2147483647;
			files = (
				6427AF922A1EC750004D07DB /* pocStopWatchUITests.swift in Sources */,
				6427AF942A1EC750004D07DB /* pocStopWatchUITestsLaunchTests.swift in Sources */,
			);
			runOnlyForDeploymentPostprocessing = 0;
		};
/* End PBXSourcesBuildPhase section */

/* Begin PBXTargetDependency section */
		6427AF852A1EC750004D07DB /* PBXTargetDependency */ = {
			isa = PBXTargetDependency;
			target = 6427AF722A1EC74F004D07DB /* pocStopWatch */;
			targetProxy = 6427AF842A1EC750004D07DB /* PBXContainerItemProxy */;
		};
		6427AF8F2A1EC750004D07DB /* PBXTargetDependency */ = {
			isa = PBXTargetDependency;
			target = 6427AF722A1EC74F004D07DB /* pocStopWatch */;
			targetProxy = 6427AF8E2A1EC750004D07DB /* PBXContainerItemProxy */;
		};
/* End PBXTargetDependency section */

/* Begin XCBuildConfiguration section */
		6427AF952A1EC750004D07DB /* Debug */ = {
			isa = XCBuildConfiguration;
			buildSettings = {
				ALWAYS_SEARCH_USER_PATHS = NO;
				CLANG_ANALYZER_NONNULL = YES;
				CLANG_ANALYZER_NUMBER_OBJECT_CONVERSION = YES_AGGRESSIVE;
				CLANG_CXX_LANGUAGE_STANDARD = "gnu++20";
				CLANG_ENABLE_MODULES = YES;
				CLANG_ENABLE_OBJC_ARC = YES;
				CLANG_ENABLE_OBJC_WEAK = YES;
				CLANG_WARN_BLOCK_CAPTURE_AUTORELEASING = YES;
				CLANG_WARN_BOOL_CONVERSION = YES;
				CLANG_WARN_COMMA = YES;
				CLANG_WARN_CONSTANT_CONVERSION = YES;
				CLANG_WARN_DEPRECATED_OBJC_IMPLEMENTATIONS = YES;
				CLANG_WARN_DIRECT_OBJC_ISA_USAGE = YES_ERROR;
				CLANG_WARN_DOCUMENTATION_COMMENTS = YES;
				CLANG_WARN_EMPTY_BODY = YES;
				CLANG_WARN_ENUM_CONVERSION = YES;
				CLANG_WARN_INFINITE_RECURSION = YES;
				CLANG_WARN_INT_CONVERSION = YES;
				CLANG_WARN_NON_LITERAL_NULL_CONVERSION = YES;
				CLANG_WARN_OBJC_IMPLICIT_RETAIN_SELF = YES;
				CLANG_WARN_OBJC_LITERAL_CONVERSION = YES;
				CLANG_WARN_OBJC_ROOT_CLASS = YES_ERROR;
				CLANG_WARN_QUOTED_INCLUDE_IN_FRAMEWORK_HEADER = YES;
				CLANG_WARN_RANGE_LOOP_ANALYSIS = YES;
				CLANG_WARN_STRICT_PROTOTYPES = YES;
				CLANG_WARN_SUSPICIOUS_MOVE = YES;
				CLANG_WARN_UNGUARDED_AVAILABILITY = YES_AGGRESSIVE;
				CLANG_WARN_UNREACHABLE_CODE = YES;
				CLANG_WARN__DUPLICATE_METHOD_MATCH = YES;
				COPY_PHASE_STRIP = NO;
				DEBUG_INFORMATION_FORMAT = dwarf;
				ENABLE_STRICT_OBJC_MSGSEND = YES;
				ENABLE_TESTABILITY = YES;
				GCC_C_LANGUAGE_STANDARD = gnu11;
				GCC_DYNAMIC_NO_PIC = NO;
				GCC_NO_COMMON_BLOCKS = YES;
				GCC_OPTIMIZATION_LEVEL = 0;
				GCC_PREPROCESSOR_DEFINITIONS = (
					"DEBUG=1",
					"$(inherited)",
				);
				GCC_WARN_64_TO_32_BIT_CONVERSION = YES;
				GCC_WARN_ABOUT_RETURN_TYPE = YES_ERROR;
				GCC_WARN_UNDECLARED_SELECTOR = YES;
				GCC_WARN_UNINITIALIZED_AUTOS = YES_AGGRESSIVE;
				GCC_WARN_UNUSED_FUNCTION = YES;
				GCC_WARN_UNUSED_VARIABLE = YES;
				IPHONEOS_DEPLOYMENT_TARGET = 16.4;
				MTL_ENABLE_DEBUG_INFO = INCLUDE_SOURCE;
				MTL_FAST_MATH = YES;
				ONLY_ACTIVE_ARCH = YES;
				SDKROOT = iphoneos;
				SWIFT_ACTIVE_COMPILATION_CONDITIONS = DEBUG;
				SWIFT_OPTIMIZATION_LEVEL = "-Onone";
			};
			name = Debug;
		};
		6427AF962A1EC750004D07DB /* Release */ = {
			isa = XCBuildConfiguration;
			buildSettings = {
				ALWAYS_SEARCH_USER_PATHS = NO;
				CLANG_ANALYZER_NONNULL = YES;
				CLANG_ANALYZER_NUMBER_OBJECT_CONVERSION = YES_AGGRESSIVE;
				CLANG_CXX_LANGUAGE_STANDARD = "gnu++20";
				CLANG_ENABLE_MODULES = YES;
				CLANG_ENABLE_OBJC_ARC = YES;
				CLANG_ENABLE_OBJC_WEAK = YES;
				CLANG_WARN_BLOCK_CAPTURE_AUTORELEASING = YES;
				CLANG_WARN_BOOL_CONVERSION = YES;
				CLANG_WARN_COMMA = YES;
				CLANG_WARN_CONSTANT_CONVERSION = YES;
				CLANG_WARN_DEPRECATED_OBJC_IMPLEMENTATIONS = YES;
				CLANG_WARN_DIRECT_OBJC_ISA_USAGE = YES_ERROR;
				CLANG_WARN_DOCUMENTATION_COMMENTS = YES;
				CLANG_WARN_EMPTY_BODY = YES;
				CLANG_WARN_ENUM_CONVERSION = YES;
				CLANG_WARN_INFINITE_RECURSION = YES;
				CLANG_WARN_INT_CONVERSION = YES;
				CLANG_WARN_NON_LITERAL_NULL_CONVERSION = YES;
				CLANG_WARN_OBJC_IMPLICIT_RETAIN_SELF = YES;
				CLANG_WARN_OBJC_LITERAL_CONVERSION = YES;
				CLANG_WARN_OBJC_ROOT_CLASS = YES_ERROR;
				CLANG_WARN_QUOTED_INCLUDE_IN_FRAMEWORK_HEADER = YES;
				CLANG_WARN_RANGE_LOOP_ANALYSIS = YES;
				CLANG_WARN_STRICT_PROTOTYPES = YES;
				CLANG_WARN_SUSPICIOUS_MOVE = YES;
				CLANG_WARN_UNGUARDED_AVAILABILITY = YES_AGGRESSIVE;
				CLANG_WARN_UNREACHABLE_CODE = YES;
				CLANG_WARN__DUPLICATE_METHOD_MATCH = YES;
				COPY_PHASE_STRIP = NO;
				DEBUG_INFORMATION_FORMAT = "dwarf-with-dsym";
				ENABLE_NS_ASSERTIONS = NO;
				ENABLE_STRICT_OBJC_MSGSEND = YES;
				GCC_C_LANGUAGE_STANDARD = gnu11;
				GCC_NO_COMMON_BLOCKS = YES;
				GCC_WARN_64_TO_32_BIT_CONVERSION = YES;
				GCC_WARN_ABOUT_RETURN_TYPE = YES_ERROR;
				GCC_WARN_UNDECLARED_SELECTOR = YES;
				GCC_WARN_UNINITIALIZED_AUTOS = YES_AGGRESSIVE;
				GCC_WARN_UNUSED_FUNCTION = YES;
				GCC_WARN_UNUSED_VARIABLE = YES;
				IPHONEOS_DEPLOYMENT_TARGET = 16.4;
				MTL_ENABLE_DEBUG_INFO = NO;
				MTL_FAST_MATH = YES;
				SDKROOT = iphoneos;
				SWIFT_COMPILATION_MODE = wholemodule;
				SWIFT_OPTIMIZATION_LEVEL = "-O";
				VALIDATE_PRODUCT = YES;
			};
			name = Release;
		};
		6427AF982A1EC750004D07DB /* Debug */ = {
			isa = XCBuildConfiguration;
			buildSettings = {
				ASSETCATALOG_COMPILER_APPICON_NAME = AppIcon;
				ASSETCATALOG_COMPILER_GLOBAL_ACCENT_COLOR_NAME = AccentColor;
				CODE_SIGN_STYLE = Automatic;
				CURRENT_PROJECT_VERSION = 1;
				DEVELOPMENT_ASSET_PATHS = "\"pocStopWatch/Preview Content\"";
				DEVELOPMENT_TEAM = MT4A7M75NC;
				ENABLE_PREVIEWS = YES;
				GENERATE_INFOPLIST_FILE = YES;
				INFOPLIST_KEY_UIApplicationSceneManifest_Generation = YES;
				INFOPLIST_KEY_UIApplicationSupportsIndirectInputEvents = YES;
				INFOPLIST_KEY_UILaunchScreen_Generation = YES;
				INFOPLIST_KEY_UISupportedInterfaceOrientations_iPad = "UIInterfaceOrientationPortrait UIInterfaceOrientationPortraitUpsideDown UIInterfaceOrientationLandscapeLeft UIInterfaceOrientationLandscapeRight";
				INFOPLIST_KEY_UISupportedInterfaceOrientations_iPhone = "UIInterfaceOrientationPortrait UIInterfaceOrientationLandscapeLeft UIInterfaceOrientationLandscapeRight";
				IPHONEOS_DEPLOYMENT_TARGET = 16.0;
				LD_RUNPATH_SEARCH_PATHS = (
					"$(inherited)",
					"@executable_path/Frameworks",
				);
				MARKETING_VERSION = 1.0;
				PRODUCT_BUNDLE_IDENTIFIER = SwiftUI.pocStopWatch;
				PRODUCT_NAME = "$(TARGET_NAME)";
				SWIFT_EMIT_LOC_STRINGS = YES;
				SWIFT_VERSION = 5.0;
				TARGETED_DEVICE_FAMILY = "1,2";
			};
			name = Debug;
		};
		6427AF992A1EC750004D07DB /* Release */ = {
			isa = XCBuildConfiguration;
			buildSettings = {
				ASSETCATALOG_COMPILER_APPICON_NAME = AppIcon;
				ASSETCATALOG_COMPILER_GLOBAL_ACCENT_COLOR_NAME = AccentColor;
				CODE_SIGN_STYLE = Automatic;
				CURRENT_PROJECT_VERSION = 1;
				DEVELOPMENT_ASSET_PATHS = "\"pocStopWatch/Preview Content\"";
				DEVELOPMENT_TEAM = MT4A7M75NC;
				ENABLE_PREVIEWS = YES;
				GENERATE_INFOPLIST_FILE = YES;
				INFOPLIST_KEY_UIApplicationSceneManifest_Generation = YES;
				INFOPLIST_KEY_UIApplicationSupportsIndirectInputEvents = YES;
				INFOPLIST_KEY_UILaunchScreen_Generation = YES;
				INFOPLIST_KEY_UISupportedInterfaceOrientations_iPad = "UIInterfaceOrientationPortrait UIInterfaceOrientationPortraitUpsideDown UIInterfaceOrientationLandscapeLeft UIInterfaceOrientationLandscapeRight";
				INFOPLIST_KEY_UISupportedInterfaceOrientations_iPhone = "UIInterfaceOrientationPortrait UIInterfaceOrientationLandscapeLeft UIInterfaceOrientationLandscapeRight";
				IPHONEOS_DEPLOYMENT_TARGET = 16.0;
				LD_RUNPATH_SEARCH_PATHS = (
					"$(inherited)",
					"@executable_path/Frameworks",
				);
				MARKETING_VERSION = 1.0;
				PRODUCT_BUNDLE_IDENTIFIER = SwiftUI.pocStopWatch;
				PRODUCT_NAME = "$(TARGET_NAME)";
				SWIFT_EMIT_LOC_STRINGS = YES;
				SWIFT_VERSION = 5.0;
				TARGETED_DEVICE_FAMILY = "1,2";
			};
			name = Release;
		};
		6427AF9B2A1EC750004D07DB /* Debug */ = {
			isa = XCBuildConfiguration;
			buildSettings = {
				ALWAYS_EMBED_SWIFT_STANDARD_LIBRARIES = YES;
				BUNDLE_LOADER = "$(TEST_HOST)";
				CODE_SIGN_STYLE = Automatic;
				CURRENT_PROJECT_VERSION = 1;
				DEVELOPMENT_TEAM = MT4A7M75NC;
				GENERATE_INFOPLIST_FILE = YES;
				IPHONEOS_DEPLOYMENT_TARGET = 16.4;
				MARKETING_VERSION = 1.0;
				PRODUCT_BUNDLE_IDENTIFIER = SwiftUI.pocStopWatchTests;
				PRODUCT_NAME = "$(TARGET_NAME)";
				SWIFT_EMIT_LOC_STRINGS = NO;
				SWIFT_VERSION = 5.0;
				TARGETED_DEVICE_FAMILY = "1,2";
				TEST_HOST = "$(BUILT_PRODUCTS_DIR)/pocStopWatch.app/$(BUNDLE_EXECUTABLE_FOLDER_PATH)/pocStopWatch";
			};
			name = Debug;
		};
		6427AF9C2A1EC750004D07DB /* Release */ = {
			isa = XCBuildConfiguration;
			buildSettings = {
				ALWAYS_EMBED_SWIFT_STANDARD_LIBRARIES = YES;
				BUNDLE_LOADER = "$(TEST_HOST)";
				CODE_SIGN_STYLE = Automatic;
				CURRENT_PROJECT_VERSION = 1;
				DEVELOPMENT_TEAM = MT4A7M75NC;
				GENERATE_INFOPLIST_FILE = YES;
				IPHONEOS_DEPLOYMENT_TARGET = 16.4;
				MARKETING_VERSION = 1.0;
				PRODUCT_BUNDLE_IDENTIFIER = SwiftUI.pocStopWatchTests;
				PRODUCT_NAME = "$(TARGET_NAME)";
				SWIFT_EMIT_LOC_STRINGS = NO;
				SWIFT_VERSION = 5.0;
				TARGETED_DEVICE_FAMILY = "1,2";
				TEST_HOST = "$(BUILT_PRODUCTS_DIR)/pocStopWatch.app/$(BUNDLE_EXECUTABLE_FOLDER_PATH)/pocStopWatch";
			};
			name = Release;
		};
		6427AF9E2A1EC750004D07DB /* Debug */ = {
			isa = XCBuildConfiguration;
			buildSettings = {
				ALWAYS_EMBED_SWIFT_STANDARD_LIBRARIES = YES;
				CODE_SIGN_STYLE = Automatic;
				CURRENT_PROJECT_VERSION = 1;
				DEVELOPMENT_TEAM = MT4A7M75NC;
				GENERATE_INFOPLIST_FILE = YES;
				MARKETING_VERSION = 1.0;
				PRODUCT_BUNDLE_IDENTIFIER = SwiftUI.pocStopWatchUITests;
				PRODUCT_NAME = "$(TARGET_NAME)";
				SWIFT_EMIT_LOC_STRINGS = NO;
				SWIFT_VERSION = 5.0;
				TARGETED_DEVICE_FAMILY = "1,2";
				TEST_TARGET_NAME = pocStopWatch;
			};
			name = Debug;
		};
		6427AF9F2A1EC750004D07DB /* Release */ = {
			isa = XCBuildConfiguration;
			buildSettings = {
				ALWAYS_EMBED_SWIFT_STANDARD_LIBRARIES = YES;
				CODE_SIGN_STYLE = Automatic;
				CURRENT_PROJECT_VERSION = 1;
				DEVELOPMENT_TEAM = MT4A7M75NC;
				GENERATE_INFOPLIST_FILE = YES;
				MARKETING_VERSION = 1.0;
				PRODUCT_BUNDLE_IDENTIFIER = SwiftUI.pocStopWatchUITests;
				PRODUCT_NAME = "$(TARGET_NAME)";
				SWIFT_EMIT_LOC_STRINGS = NO;
				SWIFT_VERSION = 5.0;
				TARGETED_DEVICE_FAMILY = "1,2";
				TEST_TARGET_NAME = pocStopWatch;
			};
			name = Release;
		};
/* End XCBuildConfiguration section */

/* Begin XCConfigurationList section */
		6427AF6E2A1EC74F004D07DB /* Build configuration list for PBXProject "pocStopWatch" */ = {
			isa = XCConfigurationList;
			buildConfigurations = (
				6427AF952A1EC750004D07DB /* Debug */,
				6427AF962A1EC750004D07DB /* Release */,
			);
			defaultConfigurationIsVisible = 0;
			defaultConfigurationName = Release;
		};
		6427AF972A1EC750004D07DB /* Build configuration list for PBXNativeTarget "pocStopWatch" */ = {
			isa = XCConfigurationList;
			buildConfigurations = (
				6427AF982A1EC750004D07DB /* Debug */,
				6427AF992A1EC750004D07DB /* Release */,
			);
			defaultConfigurationIsVisible = 0;
			defaultConfigurationName = Release;
		};
		6427AF9A2A1EC750004D07DB /* Build configuration list for PBXNativeTarget "pocStopWatchTests" */ = {
			isa = XCConfigurationList;
			buildConfigurations = (
				6427AF9B2A1EC750004D07DB /* Debug */,
				6427AF9C2A1EC750004D07DB /* Release */,
			);
			defaultConfigurationIsVisible = 0;
			defaultConfigurationName = Release;
		};
		6427AF9D2A1EC750004D07DB /* Build configuration list for PBXNativeTarget "pocStopWatchUITests" */ = {
			isa = XCConfigurationList;
			buildConfigurations = (
				6427AF9E2A1EC750004D07DB /* Debug */,
				6427AF9F2A1EC750004D07DB /* Release */,
			);
			defaultConfigurationIsVisible = 0;
			defaultConfigurationName = Release;
		};
/* End XCConfigurationList section */
	};
	rootObject = 6427AF6B2A1EC74F004D07DB /* Project object */;
}
